
Microsoft Visual Studio Solution File, Format Version 12.00
# Visual Studio Version 16
VisualStudioVersion = 16.0.30621.155
MinimumVisualStudioVersion = 10.0.40219.1
Project("{FAE04EC0-301F-11D3-BF4B-00C04F79EFBC}") = "HmdPipeExample", "HmdPipeExample\HmdPipeExample.csproj", "{348EE8B0-FD91-4E84-BF0F-74A4787B1564}"
EndProject
Global
	GlobalSection(SolutionConfigurationPlatforms) = preSolution
		Debug|Any CPU = Debug|Any CPU
		Release|Any CPU = Release|Any CPU
	EndGlobalSection
	GlobalSection(ProjectConfigurationPlatforms) = postSolution
		{348EE8B0-FD91-4E84-BF0F-74A4787B1564}.Debug|Any CPU.ActiveCfg = Debug|Any CPU
		{348EE8B0-FD91-4E84-BF0F-74A4787B1564}.Debug|Any CPU.Build.0 = Debug|Any CPU
		{348EE8B0-FD91-4E84-BF0F-74A4787B1564}.Release|Any CPU.ActiveCfg = Release|Any CPU
		{348EE8B0-FD91-4E84-BF0F-74A4787B1564}.Release|Any CPU.Build.0 = Release|Any CPU
	EndGlobalSection
	GlobalSection(SolutionProperties) = preSolution
		HideSolutionNode = FALSE
	EndGlobalSection
	GlobalSection(ExtensibilityGlobals) = postSolution
		SolutionGuid = {A40D0F7B-5FC9-4297-9127-7F015C60553C}
	EndGlobalSection
EndGlobal
